// !$*UTF8*$!
{
	archiveVersion = 1;
	classes = {
	};
	objectVersion = 50;
	objects = {

/* Begin PBXBuildFile section */
		808D936E243FC73B0047BECC /* AppDelegate.swift in Sources */ = {isa = PBXBuildFile; fileRef = 808D936D243FC73B0047BECC /* AppDelegate.swift */; };
		808D9370243FC73B0047BECC /* SceneDelegate.swift in Sources */ = {isa = PBXBuildFile; fileRef = 808D936F243FC73B0047BECC /* SceneDelegate.swift */; };
		808D9372243FC73B0047BECC /* ViewController.swift in Sources */ = {isa = PBXBuildFile; fileRef = 808D9371243FC73B0047BECC /* ViewController.swift */; };
		808D9375243FC73B0047BECC /* Main.storyboard in Resources */ = {isa = PBXBuildFile; fileRef = 808D9373243FC73B0047BECC /* Main.storyboard */; };
		808D9377243FC7430047BECC /* Assets.xcassets in Resources */ = {isa = PBXBuildFile; fileRef = 808D9376243FC7430047BECC /* Assets.xcassets */; };
		808D937A243FC7430047BECC /* LaunchScreen.storyboard in Resources */ = {isa = PBXBuildFile; fileRef = 808D9378243FC7430047BECC /* LaunchScreen.storyboard */; };
/* End PBXBuildFile section */

/* Begin PBXFileReference section */
		808D936A243FC73B0047BECC /* Practice Part Two.app */ = {isa = PBXFileReference; explicitFileType = wrapper.application; includeInIndex = 0; path = "Practice Part Two.app"; sourceTree = BUILT_PRODUCTS_DIR; };
		808D936D243FC73B0047BECC /* AppDelegate.swift */ = {isa = PBXFileReference; lastKnownFileType = sourcecode.swift; path = AppDelegate.swift; sourceTree = "<group>"; };
		808D936F243FC73B0047BECC /* SceneDelegate.swift */ = {isa = PBXFileReference; lastKnownFileType = sourcecode.swift; path = SceneDelegate.swift; sourceTree = "<group>"; };
		808D9371243FC73B0047BECC /* ViewController.swift */ = {isa = PBXFileReference; lastKnownFileType = sourcecode.swift; path = ViewController.swift; sourceTree = "<group>"; };
		808D9374243FC73B0047BECC /* Base */ = {isa = PBXFileReference; lastKnownFileType = file.storyboard; name = Base; path = Base.lproj/Main.storyboard; sourceTree = "<group>"; };
		808D9376243FC7430047BECC /* Assets.xcassets */ = {isa = PBXFileReference; lastKnownFileType = folder.assetcatalog; path = Assets.xcassets; sourceTree = "<group>"; };
		808D9379243FC7430047BECC /* Base */ = {isa = PBXFileReference; lastKnownFileType = file.storyboard; name = Base; path = Base.lproj/LaunchScreen.storyboard; sourceTree = "<group>"; };
		808D937B243FC7430047BECC /* Info.plist */ = {isa = PBXFileReference; lastKnownFileType = text.plist.xml; path = Info.plist; sourceTree = "<group>"; };
/* End PBXFileReference section */

/* Begin PBXFrameworksBuildPhase section */
		808D9367243FC73B0047BECC /* Frameworks */ = {
			isa = PBXFrameworksBuildPhase;
			buildActionMask = 2147483647;
			files = (
			);
			runOnlyForDeploymentPostprocessing = 0;
		};
/* End PBXFrameworksBuildPhase section */

/* Begin PBXGroup section */
		808D9361243FC73B0047BECC = {
			isa = PBXGroup;
			children = (
				808D936C243FC73B0047BECC /* Practice Part Two */,
				808D936B243FC73B0047BECC /* Products */,
			);
			sourceTree = "<group>";
		};
		808D936B243FC73B0047BECC /* Products */ = {
			isa = PBXGroup;
			children = (
				808D936A243FC73B0047BECC /* Practice Part Two.app */,
			);
			name = Products;
			sourceTree = "<group>";
		};
		808D936C243FC73B0047BECC /* Practice Part Two */ = {
			isa = PBXGroup;
			children = (
				808D936D243FC73B0047BECC /* AppDelegate.swift */,
				808D936F243FC73B0047BECC /* SceneDelegate.swift */,
				808D9371243FC73B0047BECC /* ViewController.swift */,
				808D9373243FC73B0047BECC /* Main.storyboard */,
				808D9376243FC7430047BECC /* Assets.xcassets */,
				808D9378243FC7430047BECC /* LaunchScreen.storyboard */,
				808D937B243FC7430047BECC /* Info.plist */,
			);
			path = "Practice Part Two";
			sourceTree = "<group>";
		};
/* End PBXGroup section */

/* Begin PBXNativeTarget section */
		808D9369243FC73B0047BECC /* Practice Part Two */ = {
			isa = PBXNativeTarget;
			buildConfigurationList = 808D937E243FC7430047BECC /* Build configuration list for PBXNativeTarget "Practice Part Two" */;
			buildPhases = (
				808D9366243FC73B0047BECC /* Sources */,
				808D9367243FC73B0047BECC /* Frameworks */,
				808D9368243FC73B0047BECC /* Resources */,
			);
			buildRules = (
			);
			dependencies = (
			);
			name = "Practice Part Two";
			productName = "Practice Part Two";
			productReference = 808D936A243FC73B0047BECC /* Practice Part Two.app */;
			productType = "com.apple.product-type.application";
		};
/* End PBXNativeTarget section */

/* Begin PBXProject section */
		808D9362243FC73B0047BECC /* Project object */ = {
			isa = PBXProject;
			attributes = {
				LastSwiftUpdateCheck = 1140;
				LastUpgradeCheck = 1140;
				ORGANIZATIONNAME = "Jesse Ruiz";
				TargetAttributes = {
					808D9369243FC73B0047BECC = {
						CreatedOnToolsVersion = 11.4;
					};
				};
			};
			buildConfigurationList = 808D9365243FC73B0047BECC /* Build configuration list for PBXProject "Practice Part Two" */;
			compatibilityVersion = "Xcode 9.3";
			developmentRegion = en;
			hasScannedForEncodings = 0;
			knownRegions = (
				en,
				Base,
			);
			mainGroup = 808D9361243FC73B0047BECC;
			productRefGroup = 808D936B243FC73B0047BECC /* Products */;
			projectDirPath = "";
			projectRoot = "";
			targets = (
				808D9369243FC73B0047BECC /* Practice Part Two */,
			);
		};
/* End PBXProject section */

/* Begin PBXResourcesBuildPhase section */
		808D9368243FC73B0047BECC /* Resources */ = {
			isa = PBXResourcesBuildPhase;
			buildActionMask = 2147483647;
			files = (
				808D937A243FC7430047BECC /* LaunchScreen.storyboard in Resources */,
				808D9377243FC7430047BECC /* Assets.xcassets in Resources */,
				808D9375243FC73B0047BECC /* Main.storyboard in Resources */,
			);
			runOnlyForDeploymentPostprocessing = 0;
		};
/* End PBXResourcesBuildPhase section */

/* Begin PBXSourcesBuildPhase section */
		808D9366243FC73B0047BECC /* Sources */ = {
			isa = PBXSourcesBuildPhase;
			buildActionMask = 2147483647;
			files = (
				808D9372243FC73B0047BECC /* ViewController.swift in Sources */,
				808D936E243FC73B0047BECC /* AppDelegate.swift in Sources */,
				808D9370243FC73B0047BECC /* SceneDelegate.swift in Sources */,
			);
			runOnlyForDeploymentPostprocessing = 0;
		};
/* End PBXSourcesBuildPhase section */

/* Begin PBXVariantGroup section */
		808D9373243FC73B0047BECC /* Main.storyboard */ = {
			isa = PBXVariantGroup;
			children = (
				808D9374243FC73B0047BECC /* Base */,
			);
			name = Main.storyboard;
			sourceTree = "<group>";
		};
		808D9378243FC7430047BECC /* LaunchScreen.storyboard */ = {
			isa = PBXVariantGroup;
			children = (
				808D9379243FC7430047BECC /* Base */,
			);
			name = LaunchScreen.storyboard;
			sourceTree = "<group>";
		};
/* End PBXVariantGroup section */

/* Begin XCBuildConfiguration section */
		808D937C243FC7430047BECC /* Debug */ = {
			isa = XCBuildConfiguration;
			buildSettings = {
				ALWAYS_SEARCH_USER_PATHS = NO;
				CLANG_ANALYZER_NONNULL = YES;
				CLANG_ANALYZER_NUMBER_OBJECT_CONVERSION = YES_AGGRESSIVE;
				CLANG_CXX_LANGUAGE_STANDARD = "gnu++14";
				CLANG_CXX_LIBRARY = "libc++";
				CLANG_ENABLE_MODULES = YES;
				CLANG_ENABLE_OBJC_ARC = YES;
				CLANG_ENABLE_OBJC_WEAK = YES;
				CLANG_WARN_BLOCK_CAPTURE_AUTORELEASING = YES;
				CLANG_WARN_BOOL_CONVERSION = YES;
				CLANG_WARN_COMMA = YES;
				CLANG_WARN_CONSTANT_CONVERSION = YES;
				CLANG_WARN_DEPRECATED_OBJC_IMPLEMENTATIONS = YES;
				CLANG_WARN_DIRECT_OBJC_ISA_USAGE = YES_ERROR;
				CLANG_WARN_DOCUMENTATION_COMMENTS = YES;
				CLANG_WARN_EMPTY_BODY = YES;
				CLANG_WARN_ENUM_CONVERSION = YES;
				CLANG_WARN_INFINITE_RECURSION = YES;
				CLANG_WARN_INT_CONVERSION = YES;
				CLANG_WARN_NON_LITERAL_NULL_CONVERSION = YES;
				CLANG_WARN_OBJC_IMPLICIT_RETAIN_SELF = YES;
				CLANG_WARN_OBJC_LITERAL_CONVERSION = YES;
				CLANG_WARN_OBJC_ROOT_CLASS = YES_ERROR;
				CLANG_WARN_RANGE_LOOP_ANALYSIS = YES;
				CLANG_WARN_STRICT_PROTOTYPES = YES;
				CLANG_WARN_SUSPICIOUS_MOVE = YES;
				CLANG_WARN_UNGUARDED_AVAILABILITY = YES_AGGRESSIVE;
				CLANG_WARN_UNREACHABLE_CODE = YES;
				CLANG_WARN__DUPLICATE_METHOD_MATCH = YES;
				COPY_PHASE_STRIP = NO;
				DEBUG_INFORMATION_FORMAT = dwarf;
				ENABLE_STRICT_OBJC_MSGSEND = YES;
				ENABLE_TESTABILITY = YES;
				GCC_C_LANGUAGE_STANDARD = gnu11;
				GCC_DYNAMIC_NO_PIC = NO;
				GCC_NO_COMMON_BLOCKS = YES;
				GCC_OPTIMIZATION_LEVEL = 0;
				GCC_PREPROCESSOR_DEFINITIONS = (
					"DEBUG=1",
					"$(inherited)",
				);
				GCC_WARN_64_TO_32_BIT_CONVERSION = YES;
				GCC_WARN_ABOUT_RETURN_TYPE = YES_ERROR;
				GCC_WARN_UNDECLARED_SELECTOR = YES;
				GCC_WARN_UNINITIALIZED_AUTOS = YES_AGGRESSIVE;
				GCC_WARN_UNUSED_FUNCTION = YES;
				GCC_WARN_UNUSED_VARIABLE = YES;
				IPHONEOS_DEPLOYMENT_TARGET = 13.4;
				MTL_ENABLE_DEBUG_INFO = INCLUDE_SOURCE;
				MTL_FAST_MATH = YES;
				ONLY_ACTIVE_ARCH = YES;
				SDKROOT = iphoneos;
				SWIFT_ACTIVE_COMPILATION_CONDITIONS = DEBUG;
				SWIFT_OPTIMIZATION_LEVEL = "-Onone";
			};
			name = Debug;
		};
		808D937D243FC7430047BECC /* Release */ = {
			isa = XCBuildConfiguration;
			buildSettings = {
				ALWAYS_SEARCH_USER_PATHS = NO;
				CLANG_ANALYZER_NONNULL = YES;
				CLANG_ANALYZER_NUMBER_OBJECT_CONVERSION = YES_AGGRESSIVE;
				CLANG_CXX_LANGUAGE_STANDARD = "gnu++14";
				CLANG_CXX_LIBRARY = "libc++";
				CLANG_ENABLE_MODULES = YES;
				CLANG_ENABLE_OBJC_ARC = YES;
				CLANG_ENABLE_OBJC_WEAK = YES;
				CLANG_WARN_BLOCK_CAPTURE_AUTORELEASING = YES;
				CLANG_WARN_BOOL_CONVERSION = YES;
				CLANG_WARN_COMMA = YES;
				CLANG_WARN_CONSTANT_CONVERSION = YES;
				CLANG_WARN_DEPRECATED_OBJC_IMPLEMENTATIONS = YES;
				CLANG_WARN_DIRECT_OBJC_ISA_USAGE = YES_ERROR;
				CLANG_WARN_DOCUMENTATION_COMMENTS = YES;
				CLANG_WARN_EMPTY_BODY = YES;
				CLANG_WARN_ENUM_CONVERSION = YES;
				CLANG_WARN_INFINITE_RECURSION = YES;
				CLANG_WARN_INT_CONVERSION = YES;
				CLANG_WARN_NON_LITERAL_NULL_CONVERSION = YES;
				CLANG_WARN_OBJC_IMPLICIT_RETAIN_SELF = YES;
				CLANG_WARN_OBJC_LITERAL_CONVERSION = YES;
				CLANG_WARN_OBJC_ROOT_CLASS = YES_ERROR;
				CLANG_WARN_RANGE_LOOP_ANALYSIS = YES;
				CLANG_WARN_STRICT_PROTOTYPES = YES;
				CLANG_WARN_SUSPICIOUS_MOVE = YES;
				CLANG_WARN_UNGUARDED_AVAILABILITY = YES_AGGRESSIVE;
				CLANG_WARN_UNREACHABLE_CODE = YES;
				CLANG_WARN__DUPLICATE_METHOD_MATCH = YES;
				COPY_PHASE_STRIP = NO;
				DEBUG_INFORMATION_FORMAT = "dwarf-with-dsym";
				ENABLE_NS_ASSERTIONS = NO;
				ENABLE_STRICT_OBJC_MSGSEND = YES;
				GCC_C_LANGUAGE_STANDARD = gnu11;
				GCC_NO_COMMON_BLOCKS = YES;
				GCC_WARN_64_TO_32_BIT_CONVERSION = YES;
				GCC_WARN_ABOUT_RETURN_TYPE = YES_ERROR;
				GCC_WARN_UNDECLARED_SELECTOR = YES;
				GCC_WARN_UNINITIALIZED_AUTOS = YES_AGGRESSIVE;
				GCC_WARN_UNUSED_FUNCTION = YES;
				GCC_WARN_UNUSED_VARIABLE = YES;
				IPHONEOS_DEPLOYMENT_TARGET = 13.4;
				MTL_ENABLE_DEBUG_INFO = NO;
				MTL_FAST_MATH = YES;
				SDKROOT = iphoneos;
				SWIFT_COMPILATION_MODE = wholemodule;
				SWIFT_OPTIMIZATION_LEVEL = "-O";
				VALIDATE_PRODUCT = YES;
			};
			name = Release;
		};
		808D937F243FC7430047BECC /* Debug */ = {
			isa = XCBuildConfiguration;
			buildSettings = {
				ASSETCATALOG_COMPILER_APPICON_NAME = AppIcon;
				CODE_SIGN_STYLE = Automatic;
				DEVELOPMENT_TEAM = 5792949ZYF;
				INFOPLIST_FILE = "Practice Part Two/Info.plist";
				LD_RUNPATH_SEARCH_PATHS = (
					"$(inherited)",
					"@executable_path/Frameworks",
				);
				PRODUCT_BUNDLE_IDENTIFIER = "com.jesseruiz.Practice-Part-Two";
				PRODUCT_NAME = "$(TARGET_NAME)";
				SWIFT_VERSION = 5.0;
				TARGETED_DEVICE_FAMILY = "1,2";
			};
			name = Debug;
		};
		808D9380243FC7430047BECC /* Release */ = {
			isa = XCBuildConfiguration;
			buildSettings = {
				ASSETCATALOG_COMPILER_APPICON_NAME = AppIcon;
				CODE_SIGN_STYLE = Automatic;
				DEVELOPMENT_TEAM = 5792949ZYF;
				INFOPLIST_FILE = "Practice Part Two/Info.plist";
				LD_RUNPATH_SEARCH_PATHS = (
					"$(inherited)",
					"@executable_path/Frameworks",
				);
				PRODUCT_BUNDLE_IDENTIFIER = "com.jesseruiz.Practice-Part-Two";
				PRODUCT_NAME = "$(TARGET_NAME)";
				SWIFT_VERSION = 5.0;
				TARGETED_DEVICE_FAMILY = "1,2";
			};
			name = Release;
		};
/* End XCBuildConfiguration section */

/* Begin XCConfigurationList section */
		808D9365243FC73B0047BECC /* Build configuration list for PBXProject "Practice Part Two" */ = {
			isa = XCConfigurationList;
			buildConfigurations = (
				808D937C243FC7430047BECC /* Debug */,
				808D937D243FC7430047BECC /* Release */,
			);
			defaultConfigurationIsVisible = 0;
			defaultConfigurationName = Release;
		};
		808D937E243FC7430047BECC /* Build configuration list for PBXNativeTarget "Practice Part Two" */ = {
			isa = XCConfigurationList;
			buildConfigurations = (
				808D937F243FC7430047BECC /* Debug */,
				808D9380243FC7430047BECC /* Release */,
			);
			defaultConfigurationIsVisible = 0;
			defaultConfigurationName = Release;
		};
/* End XCConfigurationList section */
	};
	rootObject = 808D9362243FC73B0047BECC /* Project object */;
}
